
Microsoft Visual Studio Solution File, Format Version 12.00
# Visual Studio Version 17
VisualStudioVersion = 17.6.33712.159
MinimumVisualStudioVersion = 10.0.40219.1
Project("{FAE04EC0-301F-11D3-BF4B-00C04F79EFBC}") = "c#prohw2", "c#prohw2\c#prohw2.csproj", "{409DDEAD-977C-4ED3-B7DD-F2D81C60CBC2}"
EndProject
Global
	GlobalSection(SolutionConfigurationPlatforms) = preSolution
		Debug|Any CPU = Debug|Any CPU
		Release|Any CPU = Release|Any CPU
	EndGlobalSection
	GlobalSection(ProjectConfigurationPlatforms) = postSolution
		{409DDEAD-977C-4ED3-B7DD-F2D81C60CBC2}.Debug|Any CPU.ActiveCfg = Debug|Any CPU
		{409DDEAD-977C-4ED3-B7DD-F2D81C60CBC2}.Debug|Any CPU.Build.0 = Debug|Any CPU
		{409DDEAD-977C-4ED3-B7DD-F2D81C60CBC2}.Release|Any CPU.ActiveCfg = Release|Any CPU
		{409DDEAD-977C-4ED3-B7DD-F2D81C60CBC2}.Release|Any CPU.Build.0 = Release|Any CPU
	EndGlobalSection
	GlobalSection(SolutionProperties) = preSolution
		HideSolutionNode = FALSE
	EndGlobalSection
	GlobalSection(ExtensibilityGlobals) = postSolution
		SolutionGuid = {0209D87D-8E9D-4378-9780-60C724061B67}
	EndGlobalSection
EndGlobal
